PODS:
  - Droar (1.2.10):
    - SDVersion
  - SDVersion (4.3.1)

DEPENDENCIES:
  - Droar (from `../`)
  - SDVersion

EXTERNAL SOURCES:
  Droar:
    :path: ../

SPEC CHECKSUMS:
  Droar: 6366c88d212b230e3bd3ff91082969b2f6df4355
  SDVersion: f89668d817ccfee16a57fc279030635bd2ad8fae

PODFILE CHECKSUM: 07d626d4ded86e83b867bf5d9c50daecabba7d7d

COCOAPODS: 1.4.0
